
Microsoft Visual Studio Solution File, Format Version 12.00
# Visual Studio Version 17
VisualStudioVersion = 17.9.34902.65
MinimumVisualStudioVersion = 10.0.40219.1
Project("{2150E333-8FDC-42A3-9474-1A3956D46DE8}") = "Solution Items", "Solution Items", "{6E0359F8-074B-479C-B482-E285D2E9B82A}"
	ProjectSection(SolutionItems) = preProject
		.editorconfig = .editorconfig
		Directory.Build.props = Directory.Build.props
	EndProjectSection
EndProject
Project("{2150E333-8FDC-42A3-9474-1A3956D46DE8}") = "src", "src", "{E4737D3A-E13D-4509-972E-6F75FF83B4EB}"
EndProject
Project("{2150E333-8FDC-42A3-9474-1A3956D46DE8}") = "API", "API", "{9701A561-7A5C-46FB-AC82-63E4D1B1F9A0}"
EndProject
Project("{2150E333-8FDC-42A3-9474-1A3956D46DE8}") = "Modules", "Modules", "{69746F88-D457-486F-B5E9-1CC80848F098}"
EndProject
Project("{2150E333-8FDC-42A3-9474-1A3956D46DE8}") = "Events", "Events", "{85794457-869B-4160-82D5-06EE40F8C052}"
EndProject
Project("{E53339B2-1760-4266-BCC7-CA923CBCF16C}") = "docker-compose", "docker-compose.dcproj", "{7F15731D-3673-47AC-A9A4-A98845499377}"
EndProject
Project("{9A19103F-16F7-4668-BE54-9A1E7A4F7556}") = "Evently.Api", "src\API\Evently.Api\Evently.Api.csproj", "{F2FF6237-E20D-4358-BE19-76BF0D3A3FFC}"
EndProject
Project("{9A19103F-16F7-4668-BE54-9A1E7A4F7556}") = "Evently.Modules.Events.Domain", "src\Modules\Events\Evently.Modules.Events.Domain\Evently.Modules.Events.Domain.csproj", "{471FEE90-E8F3-400B-8C0E-35DF9C92C64B}"
EndProject
Project("{9A19103F-16F7-4668-BE54-9A1E7A4F7556}") = "Evently.Modules.Events.Infrastructure", "src\Modules\Events\Evently.Modules.Events.Infrastructure\Evently.Modules.Events.Infrastructure.csproj", "{1B7B034C-C10C-4C4C-B9A9-BB62245BFC94}"
EndProject
Project("{9A19103F-16F7-4668-BE54-9A1E7A4F7556}") = "Evently.Modules.Events.Application", "src\Modules\Events\Evently.Modules.Events.Application\Evently.Modules.Events.Application.csproj", "{9A57C71F-FB8B-4EA9-BD52-B404AA36434A}"
EndProject
Project("{9A19103F-16F7-4668-BE54-9A1E7A4F7556}") = "Evently.Modules.Events.Presentation", "src\Modules\Events\Evently.Modules.Events.Presentation\Evently.Modules.Events.Presentation.csproj", "{C954ACA1-CE34-44E3-9BAC-64725BC4F757}"
EndProject
Global
	GlobalSection(SolutionConfigurationPlatforms) = preSolution
		Debug|Any CPU = Debug|Any CPU
		Release|Any CPU = Release|Any CPU
	EndGlobalSection
	GlobalSection(ProjectConfigurationPlatforms) = postSolution
		{7F15731D-3673-47AC-A9A4-A98845499377}.Debug|Any CPU.ActiveCfg = Debug|Any CPU
		{7F15731D-3673-47AC-A9A4-A98845499377}.Debug|Any CPU.Build.0 = Debug|Any CPU
		{7F15731D-3673-47AC-A9A4-A98845499377}.Release|Any CPU.ActiveCfg = Release|Any CPU
		{7F15731D-3673-47AC-A9A4-A98845499377}.Release|Any CPU.Build.0 = Release|Any CPU
		{F2FF6237-E20D-4358-BE19-76BF0D3A3FFC}.Debug|Any CPU.ActiveCfg = Debug|Any CPU
		{F2FF6237-E20D-4358-BE19-76BF0D3A3FFC}.Debug|Any CPU.Build.0 = Debug|Any CPU
		{F2FF6237-E20D-4358-BE19-76BF0D3A3FFC}.Release|Any CPU.ActiveCfg = Release|Any CPU
		{F2FF6237-E20D-4358-BE19-76BF0D3A3FFC}.Release|Any CPU.Build.0 = Release|Any CPU
		{471FEE90-E8F3-400B-8C0E-35DF9C92C64B}.Debug|Any CPU.ActiveCfg = Debug|Any CPU
		{471FEE90-E8F3-400B-8C0E-35DF9C92C64B}.Debug|Any CPU.Build.0 = Debug|Any CPU
		{471FEE90-E8F3-400B-8C0E-35DF9C92C64B}.Release|Any CPU.ActiveCfg = Release|Any CPU
		{471FEE90-E8F3-400B-8C0E-35DF9C92C64B}.Release|Any CPU.Build.0 = Release|Any CPU
		{1B7B034C-C10C-4C4C-B9A9-BB62245BFC94}.Debug|Any CPU.ActiveCfg = Debug|Any CPU
		{1B7B034C-C10C-4C4C-B9A9-BB62245BFC94}.Debug|Any CPU.Build.0 = Debug|Any CPU
		{1B7B034C-C10C-4C4C-B9A9-BB62245BFC94}.Release|Any CPU.ActiveCfg = Release|Any CPU
		{1B7B034C-C10C-4C4C-B9A9-BB62245BFC94}.Release|Any CPU.Build.0 = Release|Any CPU
		{9A57C71F-FB8B-4EA9-BD52-B404AA36434A}.Debug|Any CPU.ActiveCfg = Debug|Any CPU
		{9A57C71F-FB8B-4EA9-BD52-B404AA36434A}.Debug|Any CPU.Build.0 = Debug|Any CPU
		{9A57C71F-FB8B-4EA9-BD52-B404AA36434A}.Release|Any CPU.ActiveCfg = Release|Any CPU
		{9A57C71F-FB8B-4EA9-BD52-B404AA36434A}.Release|Any CPU.Build.0 = Release|Any CPU
		{C954ACA1-CE34-44E3-9BAC-64725BC4F757}.Debug|Any CPU.ActiveCfg = Debug|Any CPU
		{C954ACA1-CE34-44E3-9BAC-64725BC4F757}.Debug|Any CPU.Build.0 = Debug|Any CPU
		{C954ACA1-CE34-44E3-9BAC-64725BC4F757}.Release|Any CPU.ActiveCfg = Release|Any CPU
		{C954ACA1-CE34-44E3-9BAC-64725BC4F757}.Release|Any CPU.Build.0 = Release|Any CPU
	EndGlobalSection
	GlobalSection(SolutionProperties) = preSolution
		HideSolutionNode = FALSE
	EndGlobalSection
	GlobalSection(NestedProjects) = preSolution
		{9701A561-7A5C-46FB-AC82-63E4D1B1F9A0} = {E4737D3A-E13D-4509-972E-6F75FF83B4EB}
		{69746F88-D457-486F-B5E9-1CC80848F098} = {E4737D3A-E13D-4509-972E-6F75FF83B4EB}
		{85794457-869B-4160-82D5-06EE40F8C052} = {69746F88-D457-486F-B5E9-1CC80848F098}
		{F2FF6237-E20D-4358-BE19-76BF0D3A3FFC} = {9701A561-7A5C-46FB-AC82-63E4D1B1F9A0}
		{471FEE90-E8F3-400B-8C0E-35DF9C92C64B} = {85794457-869B-4160-82D5-06EE40F8C052}
		{1B7B034C-C10C-4C4C-B9A9-BB62245BFC94} = {85794457-869B-4160-82D5-06EE40F8C052}
		{9A57C71F-FB8B-4EA9-BD52-B404AA36434A} = {85794457-869B-4160-82D5-06EE40F8C052}
		{C954ACA1-CE34-44E3-9BAC-64725BC4F757} = {85794457-869B-4160-82D5-06EE40F8C052}
	EndGlobalSection
	GlobalSection(ExtensibilityGlobals) = postSolution
		SolutionGuid = {05D93CC9-D5D5-47B6-9E5D-41AE00E78173}
	EndGlobalSection
EndGlobal
