
Microsoft Visual Studio Solution File, Format Version 12.00
# Visual Studio Version 17
VisualStudioVersion = 17.9.34902.65
MinimumVisualStudioVersion = 10.0.40219.1
Project("{2150E333-8FDC-42A3-9474-1A3956D46DE8}") = "Solution Items", "Solution Items", "{6E0359F8-074B-479C-B482-E285D2E9B82A}"
	ProjectSection(SolutionItems) = preProject
		.editorconfig = .editorconfig
		Directory.Build.props = Directory.Build.props
	EndProjectSection
EndProject
Project("{2150E333-8FDC-42A3-9474-1A3956D46DE8}") = "src", "src", "{E4737D3A-E13D-4509-972E-6F75FF83B4EB}"
EndProject
Project("{2150E333-8FDC-42A3-9474-1A3956D46DE8}") = "API", "API", "{9701A561-7A5C-46FB-AC82-63E4D1B1F9A0}"
EndProject
Project("{2150E333-8FDC-42A3-9474-1A3956D46DE8}") = "Modules", "Modules", "{69746F88-D457-486F-B5E9-1CC80848F098}"
EndProject
Project("{2150E333-8FDC-42A3-9474-1A3956D46DE8}") = "Events", "Events", "{85794457-869B-4160-82D5-06EE40F8C052}"
EndProject
Project("{FAE04EC0-301F-11D3-BF4B-00C04F79EFBC}") = "Evently.Api", "Evently.Api\Evently.Api.csproj", "{00BF32DB-CD49-41B0-BA5A-68F1E1A26B33}"
EndProject
Project("{FAE04EC0-301F-11D3-BF4B-00C04F79EFBC}") = "Evently.Modules.Events.Api", "Evently.Modules.Events.Api\Evently.Modules.Events.Api.csproj", "{DB8D7D1E-4CEB-49DA-A9D0-8293E8DD1509}"
EndProject
Global
	GlobalSection(SolutionConfigurationPlatforms) = preSolution
		Debug|Any CPU = Debug|Any CPU
		Release|Any CPU = Release|Any CPU
	EndGlobalSection
	GlobalSection(ProjectConfigurationPlatforms) = postSolution
		{00BF32DB-CD49-41B0-BA5A-68F1E1A26B33}.Debug|Any CPU.ActiveCfg = Debug|Any CPU
		{00BF32DB-CD49-41B0-BA5A-68F1E1A26B33}.Debug|Any CPU.Build.0 = Debug|Any CPU
		{00BF32DB-CD49-41B0-BA5A-68F1E1A26B33}.Release|Any CPU.ActiveCfg = Release|Any CPU
		{00BF32DB-CD49-41B0-BA5A-68F1E1A26B33}.Release|Any CPU.Build.0 = Release|Any CPU
		{DB8D7D1E-4CEB-49DA-A9D0-8293E8DD1509}.Debug|Any CPU.ActiveCfg = Debug|Any CPU
		{DB8D7D1E-4CEB-49DA-A9D0-8293E8DD1509}.Debug|Any CPU.Build.0 = Debug|Any CPU
		{DB8D7D1E-4CEB-49DA-A9D0-8293E8DD1509}.Release|Any CPU.ActiveCfg = Release|Any CPU
		{DB8D7D1E-4CEB-49DA-A9D0-8293E8DD1509}.Release|Any CPU.Build.0 = Release|Any CPU
	EndGlobalSection
	GlobalSection(SolutionProperties) = preSolution
		HideSolutionNode = FALSE
	EndGlobalSection
	GlobalSection(NestedProjects) = preSolution
		{9701A561-7A5C-46FB-AC82-63E4D1B1F9A0} = {E4737D3A-E13D-4509-972E-6F75FF83B4EB}
		{69746F88-D457-486F-B5E9-1CC80848F098} = {E4737D3A-E13D-4509-972E-6F75FF83B4EB}
		{85794457-869B-4160-82D5-06EE40F8C052} = {69746F88-D457-486F-B5E9-1CC80848F098}
		{00BF32DB-CD49-41B0-BA5A-68F1E1A26B33} = {9701A561-7A5C-46FB-AC82-63E4D1B1F9A0}
		{DB8D7D1E-4CEB-49DA-A9D0-8293E8DD1509} = {85794457-869B-4160-82D5-06EE40F8C052}
	EndGlobalSection
	GlobalSection(ExtensibilityGlobals) = postSolution
		SolutionGuid = {05D93CC9-D5D5-47B6-9E5D-41AE00E78173}
	EndGlobalSection
EndGlobal
